
Microsoft Visual Studio Solution File, Format Version 12.00
# Visual Studio Version 16
VisualStudioVersion = 16.0.31220.234
MinimumVisualStudioVersion = 10.0.40219.1
Project("{9A19103F-16F7-4668-BE54-9A1E7A4F7556}") = "MauiFive", "MauiFive\MauiFive.csproj", "{AFE816EF-1944-4674-B12A-B6878D2B8A7F}"
EndProject
Project("{9A19103F-16F7-4668-BE54-9A1E7A4F7556}") = "MauiFive.WinUI", "MauiFive.WinUI\MauiFive.WinUI.csproj", "{E56ABA09-B0B8-474B-B4AF-AE5F3891835E}"
EndProject
Global
	GlobalSection(SolutionConfigurationPlatforms) = preSolution
		Debug|Any CPU = Debug|Any CPU
		Release|Any CPU = Release|Any CPU
	EndGlobalSection
	GlobalSection(ProjectConfigurationPlatforms) = postSolution
		{AFE816EF-1944-4674-B12A-B6878D2B8A7F}.Debug|Any CPU.ActiveCfg = Debug|Any CPU
		{AFE816EF-1944-4674-B12A-B6878D2B8A7F}.Debug|Any CPU.Build.0 = Debug|Any CPU
		{AFE816EF-1944-4674-B12A-B6878D2B8A7F}.Debug|Any CPU.Deploy.0 = Debug|Any CPU
		{AFE816EF-1944-4674-B12A-B6878D2B8A7F}.Release|Any CPU.ActiveCfg = Release|Any CPU
		{AFE816EF-1944-4674-B12A-B6878D2B8A7F}.Release|Any CPU.Build.0 = Release|Any CPU
		{AFE816EF-1944-4674-B12A-B6878D2B8A7F}.Release|Any CPU.Deploy.0 = Release|Any CPU
		{E56ABA09-B0B8-474B-B4AF-AE5F3891835E}.Debug|Any CPU.ActiveCfg = Debug|Any CPU
		{E56ABA09-B0B8-474B-B4AF-AE5F3891835E}.Debug|Any CPU.Build.0 = Debug|Any CPU
		{E56ABA09-B0B8-474B-B4AF-AE5F3891835E}.Debug|Any CPU.Deploy.0 = Debug|Any CPU
		{E56ABA09-B0B8-474B-B4AF-AE5F3891835E}.Release|Any CPU.ActiveCfg = Release|Any CPU
		{E56ABA09-B0B8-474B-B4AF-AE5F3891835E}.Release|Any CPU.Build.0 = Release|Any CPU
		{E56ABA09-B0B8-474B-B4AF-AE5F3891835E}.Release|Any CPU.Deploy.0 = Release|Any CPU
	EndGlobalSection
	GlobalSection(SolutionProperties) = preSolution
		HideSolutionNode = FALSE
	EndGlobalSection
	GlobalSection(ExtensibilityGlobals) = postSolution
		SolutionGuid = {61F7FB11-1E47-470C-91E2-47F8143E1572}
	EndGlobalSection
EndGlobal
